{
  "nodes": {
    "agenix": {
      "inputs": {
        "darwin": "darwin",
        "home-manager": "home-manager",
        "nixpkgs": [
          "nixpkgs"
        ],
        "systems": "systems"
      },
      "locked": {
        "lastModified": 1718371084,
        "narHash": "sha256-abpBi61mg0g+lFFU0zY4C6oP6fBwPzbHPKBGw676xsA=",
        "owner": "ryantm",
        "repo": "agenix",
        "rev": "3a56735779db467538fb2e577eda28a9daacaca6",
        "type": "github"
      },
      "original": {
        "owner": "ryantm",
        "ref": "main",
        "repo": "agenix",
        "type": "github"
      }
    },
    "darwin": {
      "inputs": {
        "nixpkgs": [
          "agenix",
          "nixpkgs"
        ]
      },
      "locked": {
        "lastModified": 1700795494,
        "narHash": "sha256-gzGLZSiOhf155FW7262kdHo2YDeugp3VuIFb4/GGng0=",
        "owner": "lnl7",
        "repo": "nix-darwin",
        "rev": "4b9b83d5a92e8c1fbfd8eb27eda375908c11ec4d",
        "type": "github"
      },
      "original": {
        "owner": "lnl7",
        "ref": "master",
        "repo": "nix-darwin",
        "type": "github"
      }
    },
    "home-manager": {
      "inputs": {
        "nixpkgs": [
          "agenix",
          "nixpkgs"
        ]
      },
      "locked": {
        "lastModified": 1703113217,
        "narHash": "sha256-7ulcXOk63TIT2lVDSExj7XzFx09LpdSAPtvgtM7yQPE=",
        "owner": "nix-community",
        "repo": "home-manager",
        "rev": "3bfaacf46133c037bb356193bd2f1765d9dc82c1",
        "type": "github"
      },
      "original": {
        "owner": "nix-community",
        "repo": "home-manager",
        "type": "github"
      }
    },
    "hu-announcement-bot": {
      "inputs": {
        "nixpkgs": [
          "nixpkgs"
        ]
      },
      "locked": {
        "lastModified": 1757011321,
        "narHash": "sha256-mwuXE2rrUa5vxPeRbBWO2zaJZy/baDR7c5nX12a+Gpo=",
        "owner": "hacettepeoyt",
        "repo": "hu-announcement-bot",
        "rev": "1feeac21afacdb0ae94de9c08a825d1b7b2af3c6",
        "type": "github"
      },
      "original": {
        "owner": "hacettepeoyt",
        "repo": "hu-announcement-bot",
        "type": "github"
      }
    },
    "hu-cafeteria-bot": {
      "inputs": {
        "nixpkgs": [
          "nixpkgs"
        ]
      },
      "locked": {
        "lastModified": 1727385496,
        "narHash": "sha256-ZP2OYiLP11bWU09RxsoFLH3nz6JNChTFrMBR2xq7dPs=",
        "owner": "hacettepeoyt",
        "repo": "hu-cafeteria-bot",
        "rev": "0e4887ca212427e4172ba9838289d0e8b93085a6",
        "type": "github"
      },
      "original": {
        "owner": "hacettepeoyt",
        "repo": "hu-cafeteria-bot",
        "type": "github"
      }
    },
    "mailpot": {
      "inputs": {
        "nixpkgs": [
          "nixpkgs"
        ]
      },
      "locked": {
        "lastModified": 1748705249,
        "narHash": "sha256-koLk01F50HpOpW7q/RVw8EGaRjBVoxZH4Blq0dh/bfg=",
        "owner": "div72",
        "repo": "mailpot",
        "rev": "d6b0961512b27a2eabd3f101f699bf3c41ae3fb2",
        "type": "github"
      },
      "original": {
        "owner": "div72",
        "repo": "mailpot",
        "type": "github"
      }
    },
    "nixpkgs": {
      "locked": {
        "lastModified": 1760862643,
        "narHash": "sha256-PXwG0TM7Ek87DNx4LbGWuD93PbFeKAJs4FfALtp7Wo0=",
        "owner": "NixOS",
        "repo": "nixpkgs",
        "rev": "33c6dca0c0cb31d6addcd34e90a63ad61826b28c",
        "type": "github"
      },
      "original": {
        "owner": "NixOS",
        "ref": "nixos-25.05",
        "repo": "nixpkgs",
        "type": "github"
      }
    },
    "nixpkgsOld": {
      "locked": {
        "lastModified": 1757545623,
        "narHash": "sha256-mCxPABZ6jRjUQx3bPP4vjA68ETbPLNz9V2pk9tO7pRQ=",
        "owner": "NixOS",
        "repo": "nixpkgs",
        "rev": "8cd5ce828d5d1d16feff37340171a98fc3bf6526",
        "type": "github"
      },
      "original": {
        "owner": "NixOS",
        "repo": "nixpkgs",
        "rev": "8cd5ce828d5d1d16feff37340171a98fc3bf6526",
        "type": "github"
      }
    },
    "root": {
      "inputs": {
        "agenix": "agenix",
        "hu-announcement-bot": "hu-announcement-bot",
        "hu-cafeteria-bot": "hu-cafeteria-bot",
        "mailpot": "mailpot",
        "nixpkgs": "nixpkgs",
        "nixpkgsOld": "nixpkgsOld"
      }
    },
    "systems": {
      "locked": {
        "lastModified": 1681028828,
        "narHash": "sha256-Vy1rq5AaRuLzOxct8nz4T6wlgyUR7zLU309k9mBC768=",
        "owner": "nix-systems",
        "repo": "default",
        "rev": "da67096a3b9bf56a91d16901293e51ba5b49a27e",
        "type": "github"
      },
      "original": {
        "owner": "nix-systems",
        "repo": "default",
        "type": "github"
      }
    }
  },
  "root": "root",
  "version": 7
}
