{
  "nodes": {
    "agenix": {
      "inputs": {
        "darwin": "darwin",
        "home-manager": "home-manager",
        "nixpkgs": [
          "nixpkgs"
        ],
        "systems": "systems"
      },
      "locked": {
        "lastModified": 1718371084,
        "narHash": "sha256-abpBi61mg0g+lFFU0zY4C6oP6fBwPzbHPKBGw676xsA=",
        "owner": "ryantm",
        "repo": "agenix",
        "rev": "3a56735779db467538fb2e577eda28a9daacaca6",
        "type": "github"
      },
      "original": {
        "owner": "ryantm",
        "ref": "main",
        "repo": "agenix",
        "type": "github"
      }
    },
    "darwin": {
      "inputs": {
        "nixpkgs": [
          "agenix",
          "nixpkgs"
        ]
      },
      "locked": {
        "lastModified": 1700795494,
        "narHash": "sha256-gzGLZSiOhf155FW7262kdHo2YDeugp3VuIFb4/GGng0=",
        "owner": "lnl7",
        "repo": "nix-darwin",
        "rev": "4b9b83d5a92e8c1fbfd8eb27eda375908c11ec4d",
        "type": "github"
      },
      "original": {
        "owner": "lnl7",
        "ref": "master",
        "repo": "nix-darwin",
        "type": "github"
      }
    },
    "home-manager": {
      "inputs": {
        "nixpkgs": [
          "agenix",
          "nixpkgs"
        ]
      },
      "locked": {
        "lastModified": 1703113217,
        "narHash": "sha256-7ulcXOk63TIT2lVDSExj7XzFx09LpdSAPtvgtM7yQPE=",
        "owner": "nix-community",
        "repo": "home-manager",
        "rev": "3bfaacf46133c037bb356193bd2f1765d9dc82c1",
        "type": "github"
      },
      "original": {
        "owner": "nix-community",
        "repo": "home-manager",
        "type": "github"
      }
    },
    "hu-announcement-bot": {
      "inputs": {
        "nixpkgs": [
          "nixpkgs"
        ]
      },
      "locked": {
        "lastModified": 1725496358,
        "narHash": "sha256-Q1u9fatLvlrbhWa7IZEj5IBRF/6GujlyoX24OOCxt/E=",
        "owner": "hacettepeoyt",
        "repo": "hu-announcement-bot",
        "rev": "ea7ab39dab3eb152b6fa0503d364accf63ec4937",
        "type": "github"
      },
      "original": {
        "owner": "hacettepeoyt",
        "repo": "hu-announcement-bot",
        "type": "github"
      }
    },
    "hu-cafeteria-bot": {
      "inputs": {
        "nixpkgs": [
          "nixpkgs"
        ]
      },
      "locked": {
        "lastModified": 1727385496,
        "narHash": "sha256-ZP2OYiLP11bWU09RxsoFLH3nz6JNChTFrMBR2xq7dPs=",
        "owner": "hacettepeoyt",
        "repo": "hu-cafeteria-bot",
        "rev": "0e4887ca212427e4172ba9838289d0e8b93085a6",
        "type": "github"
      },
      "original": {
        "owner": "hacettepeoyt",
        "repo": "hu-cafeteria-bot",
        "type": "github"
      }
    },
    "mailpot": {
      "inputs": {
        "nixpkgs": [
          "nixpkgs"
        ]
      },
      "locked": {
        "lastModified": 1725237417,
        "narHash": "sha256-cDkllOO9oLAX/IPPjY+dzT4zR1s0KMdSp4Rw3ok/ZFg=",
        "owner": "div72",
        "repo": "mailpot",
        "rev": "d5d0ea2d06d02492d40715e1b8e4011ffcf3f2bf",
        "type": "github"
      },
      "original": {
        "owner": "div72",
        "repo": "mailpot",
        "type": "github"
      }
    },
    "nixpkgs": {
      "locked": {
        "lastModified": 1732014248,
        "narHash": "sha256-y/MEyuJ5oBWrWAic/14LaIr/u5E0wRVzyYsouYY3W6w=",
        "owner": "NixOS",
        "repo": "nixpkgs",
        "rev": "23e89b7da85c3640bbc2173fe04f4bd114342367",
        "type": "github"
      },
      "original": {
        "owner": "NixOS",
        "ref": "nixos-unstable",
        "repo": "nixpkgs",
        "type": "github"
      }
    },
    "root": {
      "inputs": {
        "agenix": "agenix",
        "hu-announcement-bot": "hu-announcement-bot",
        "hu-cafeteria-bot": "hu-cafeteria-bot",
        "mailpot": "mailpot",
        "nixpkgs": "nixpkgs"
      }
    },
    "systems": {
      "locked": {
        "lastModified": 1681028828,
        "narHash": "sha256-Vy1rq5AaRuLzOxct8nz4T6wlgyUR7zLU309k9mBC768=",
        "owner": "nix-systems",
        "repo": "default",
        "rev": "da67096a3b9bf56a91d16901293e51ba5b49a27e",
        "type": "github"
      },
      "original": {
        "owner": "nix-systems",
        "repo": "default",
        "type": "github"
      }
    }
  },
  "root": "root",
  "version": 7
}
